
Microsoft Visual Studio Solution File, Format Version 12.00
# Visual Studio Version 16
VisualStudioVersion = 16.0.29920.165
MinimumVisualStudioVersion = 10.0.40219.1
Project("{FAE04EC0-301F-11D3-BF4B-00C04F79EFBC}") = "GameGraphicImporter", "GameGraphicImporter\GameGraphicImporter.csproj", "{A3E34A26-C1DB-48CE-9238-3BA6A4C7A7BE}"
EndProject
Global
	GlobalSection(SolutionConfigurationPlatforms) = preSolution
		Debug|Any CPU = Debug|Any CPU
		Release|Any CPU = Release|Any CPU
	EndGlobalSection
	GlobalSection(ProjectConfigurationPlatforms) = postSolution
		{A3E34A26-C1DB-48CE-9238-3BA6A4C7A7BE}.Debug|Any CPU.ActiveCfg = Debug|Any CPU
		{A3E34A26-C1DB-48CE-9238-3BA6A4C7A7BE}.Debug|Any CPU.Build.0 = Debug|Any CPU
		{A3E34A26-C1DB-48CE-9238-3BA6A4C7A7BE}.Release|Any CPU.ActiveCfg = Release|Any CPU
		{A3E34A26-C1DB-48CE-9238-3BA6A4C7A7BE}.Release|Any CPU.Build.0 = Release|Any CPU
	EndGlobalSection
	GlobalSection(SolutionProperties) = preSolution
		HideSolutionNode = FALSE
	EndGlobalSection
	GlobalSection(ExtensibilityGlobals) = postSolution
		SolutionGuid = {2F71A59F-1003-4239-B63F-16CC5C1761F2}
	EndGlobalSection
EndGlobal
